
Microsoft Visual Studio Solution File, Format Version 12.00
# Visual Studio Version 17
VisualStudioVersion = 17.1.31911.260
MinimumVisualStudioVersion = 10.0.40219.1
Project("{9A19103F-16F7-4668-BE54-9A1E7A4F7556}") = "TwitterChallenge", "TwitterChallenge.csproj", "{A5647CB0-81E7-4CA8-A7B6-E520A16CD855}"
EndProject
Global
	GlobalSection(SolutionConfigurationPlatforms) = preSolution
		Debug|Any CPU = Debug|Any CPU
		Release|Any CPU = Release|Any CPU
	EndGlobalSection
	GlobalSection(ProjectConfigurationPlatforms) = postSolution
		{A5647CB0-81E7-4CA8-A7B6-E520A16CD855}.Debug|Any CPU.ActiveCfg = Debug|Any CPU
		{A5647CB0-81E7-4CA8-A7B6-E520A16CD855}.Debug|Any CPU.Build.0 = Debug|Any CPU
		{A5647CB0-81E7-4CA8-A7B6-E520A16CD855}.Release|Any CPU.ActiveCfg = Release|Any CPU
		{A5647CB0-81E7-4CA8-A7B6-E520A16CD855}.Release|Any CPU.Build.0 = Release|Any CPU
	EndGlobalSection
	GlobalSection(SolutionProperties) = preSolution
		HideSolutionNode = FALSE
	EndGlobalSection
	GlobalSection(ExtensibilityGlobals) = postSolution
		SolutionGuid = {EA986D0D-0867-4FFC-ACD6-F8A6D8E17EBF}
	EndGlobalSection
EndGlobal
